# THIS IS AN AUTOGENERATED FILE. DO NOT EDIT THIS FILE DIRECTLY.
# yarn lockfile v1


"@mapbox/rehype-prism@^0.5.0":
  version "0.5.0"
  resolved "https://registry.yarnpkg.com/@mapbox/rehype-prism/-/rehype-prism-0.5.0.tgz#b756308ebf3af8f92a6359cd78010a7770453e85"
  integrity sha512-sE5EetmSR6At7AU2s3N2rFUUqm8BpvxUcGcesgfTZgqF7bQoekqsKxLX8gunIDjZs34acZJ6fgPFHepEWnYKCQ==
  dependencies:
    hast-util-to-string "^1.0.3"
    refractor "^3.0.0"
    unist-util-visit "^2.0.2"

"@types/unist@^2.0.0":
  version "2.0.3"
  resolved "https://registry.yarnpkg.com/@types/unist/-/unist-2.0.3.tgz#9c088679876f374eb5983f150d4787aa6fb32d7e"
  integrity sha512-FvUupuM3rlRsRtCN+fDudtmytGO6iHJuuRKS1Ss0pG5z8oX0diNEw94UEL7hgDbpN94rgaK5R7sWm6RrSkZuAQ==

character-entities-legacy@^1.0.0:
  version "1.1.4"
  resolved "https://registry.yarnpkg.com/character-entities-legacy/-/character-entities-legacy-1.1.4.tgz#94bc1845dce70a5bb9d2ecc748725661293d8fc1"
  integrity sha512-3Xnr+7ZFS1uxeiUDvV02wQ+QDbc55o97tIV5zHScSPJpcLm/r0DFPcoY3tYRp+VZukxuMeKgXYmsXQHO05zQeA==

character-entities@^1.0.0:
  version "1.2.4"
  resolved "https://registry.yarnpkg.com/character-entities/-/character-entities-1.2.4.tgz#e12c3939b7eaf4e5b15e7ad4c5e28e1d48c5b16b"
  integrity sha512-iBMyeEHxfVnIakwOuDXpVkc54HijNgCyQB2w0VfGQThle6NXn50zU6V/u+LDhxHcDUPojn6Kpga3PTAD8W1bQw==

character-reference-invalid@^1.0.0:
  version "1.1.4"
  resolved "https://registry.yarnpkg.com/character-reference-invalid/-/character-reference-invalid-1.1.4.tgz#083329cda0eae272ab3dbbf37e9a382c13af1560"
  integrity sha512-mKKUkUbhPpQlCOfIuZkvSEgktjPFIsZKRRbC6KWVEMvlzblj3i3asQv5ODsrwt0N3pHAEvjP8KTQPHkp0+6jOg==

clipboard@^2.0.0:
  version "2.0.6"
  resolved "https://registry.yarnpkg.com/clipboard/-/clipboard-2.0.6.tgz#52921296eec0fdf77ead1749421b21c968647376"
  integrity sha512-g5zbiixBRk/wyKakSwCKd7vQXDjFnAMGHoEyBogG/bw9kTD9GvdAvaoRR1ALcEzt3pVKxZR0pViekPMIS0QyGg==
  dependencies:
    good-listener "^1.2.2"
    select "^1.1.2"
    tiny-emitter "^2.0.0"

comma-separated-tokens@^1.0.0:
  version "1.0.8"
  resolved "https://registry.yarnpkg.com/comma-separated-tokens/-/comma-separated-tokens-1.0.8.tgz#632b80b6117867a158f1080ad498b2fbe7e3f5ea"
  integrity sha512-GHuDRO12Sypu2cV70d1dkA2EUmXHgntrzbpvOB+Qy+49ypNfGgFQIC2fhhXbnyrJRynDCAARsT7Ou0M6hirpfw==

delegate@^3.1.2:
  version "3.2.0"
  resolved "https://registry.yarnpkg.com/delegate/-/delegate-3.2.0.tgz#b66b71c3158522e8ab5744f720d8ca0c2af59166"
  integrity sha512-IofjkYBZaZivn0V8nnsMJGBr4jVLxHDheKSW88PyxS5QC4Vo9ZbZVvhzlSxY87fVq3STR6r+4cGepyHkcWOQSw==

good-listener@^1.2.2:
  version "1.2.2"
  resolved "https://registry.yarnpkg.com/good-listener/-/good-listener-1.2.2.tgz#d53b30cdf9313dffb7dc9a0d477096aa6d145c50"
  integrity sha1-1TswzfkxPf+33JoNR3CWqm0UXFA=
  dependencies:
    delegate "^3.1.2"

hast-util-parse-selector@^2.0.0:
  version "2.2.4"
  resolved "https://registry.yarnpkg.com/hast-util-parse-selector/-/hast-util-parse-selector-2.2.4.tgz#60c99d0b519e12ab4ed32e58f150ec3f61ed1974"
  integrity sha512-gW3sxfynIvZApL4L07wryYF4+C9VvH3AUi7LAnVXV4MneGEgwOByXvFo18BgmTWnm7oHAe874jKbIB1YhHSIzA==

hast-util-to-string@^1.0.3:
  version "1.0.4"
  resolved "https://registry.yarnpkg.com/hast-util-to-string/-/hast-util-to-string-1.0.4.tgz#9b24c114866bdb9478927d7e9c36a485ac728378"
  integrity sha512-eK0MxRX47AV2eZ+Lyr18DCpQgodvaS3fAQO2+b9Two9F5HEoRPhiUMNzoXArMJfZi2yieFzUBMRl3HNJ3Jus3w==

hastscript@^5.0.0:
  version "5.1.2"
  resolved "https://registry.yarnpkg.com/hastscript/-/hastscript-5.1.2.tgz#bde2c2e56d04c62dd24e8c5df288d050a355fb8a"
  integrity sha512-WlztFuK+Lrvi3EggsqOkQ52rKbxkXL3RwB6t5lwoa8QLMemoWfBuL43eDrwOamJyR7uKQKdmKYaBH1NZBiIRrQ==
  dependencies:
    comma-separated-tokens "^1.0.0"
    hast-util-parse-selector "^2.0.0"
    property-information "^5.0.0"
    space-separated-tokens "^1.0.0"

is-alphabetical@^1.0.0:
  version "1.0.4"
  resolved "https://registry.yarnpkg.com/is-alphabetical/-/is-alphabetical-1.0.4.tgz#9e7d6b94916be22153745d184c298cbf986a686d"
  integrity sha512-DwzsA04LQ10FHTZuL0/grVDk4rFoVH1pjAToYwBrHSxcrBIGQuXrQMtD5U1b0U2XVgKZCTLLP8u2Qxqhy3l2Vg==

is-alphanumerical@^1.0.0:
  version "1.0.4"
  resolved "https://registry.yarnpkg.com/is-alphanumerical/-/is-alphanumerical-1.0.4.tgz#7eb9a2431f855f6b1ef1a78e326df515696c4dbf"
  integrity sha512-UzoZUr+XfVz3t3v4KyGEniVL9BDRoQtY7tOyrRybkVNjDFWyo1yhXNGrrBTQxp3ib9BLAWs7k2YKBQsFRkZG9A==
  dependencies:
    is-alphabetical "^1.0.0"
    is-decimal "^1.0.0"

is-decimal@^1.0.0:
  version "1.0.4"
  resolved "https://registry.yarnpkg.com/is-decimal/-/is-decimal-1.0.4.tgz#65a3a5958a1c5b63a706e1b333d7cd9f630d3fa5"
  integrity sha512-RGdriMmQQvZ2aqaQq3awNA6dCGtKpiDFcOzrTWrDAT2MiWrKQVPmxLGHl7Y2nNu6led0kEyoX0enY0qXYsv9zw==

is-hexadecimal@^1.0.0:
  version "1.0.4"
  resolved "https://registry.yarnpkg.com/is-hexadecimal/-/is-hexadecimal-1.0.4.tgz#cc35c97588da4bd49a8eedd6bc4082d44dcb23a7"
  integrity sha512-gyPJuv83bHMpocVYoqof5VDiZveEoGoFL8m3BXNb2VW8Xs+rz9kqO8LOQ5DH6EsuvilT1ApazU0pyl+ytbPtlw==

parse-entities@^2.0.0:
  version "2.0.0"
  resolved "https://registry.yarnpkg.com/parse-entities/-/parse-entities-2.0.0.tgz#53c6eb5b9314a1f4ec99fa0fdf7ce01ecda0cbe8"
  integrity sha512-kkywGpCcRYhqQIchaWqZ875wzpS/bMKhz5HnN3p7wveJTkTtyAB/AlnS0f8DFSqYW1T82t6yEAkEcB+A1I3MbQ==
  dependencies:
    character-entities "^1.0.0"
    character-entities-legacy "^1.0.0"
    character-reference-invalid "^1.0.0"
    is-alphanumerical "^1.0.0"
    is-decimal "^1.0.0"
    is-hexadecimal "^1.0.0"

prismjs@~1.21.0:
  version "1.21.0"
  resolved "https://registry.yarnpkg.com/prismjs/-/prismjs-1.21.0.tgz#36c086ec36b45319ec4218ee164c110f9fc015a3"
  integrity sha512-uGdSIu1nk3kej2iZsLyDoJ7e9bnPzIgY0naW/HdknGj61zScaprVEVGHrPoXqI+M9sP0NDnTK2jpkvmldpuqDw==
  optionalDependencies:
    clipboard "^2.0.0"

property-information@^5.0.0:
  version "5.5.0"
  resolved "https://registry.yarnpkg.com/property-information/-/property-information-5.5.0.tgz#4dc075d493061a82e2b7d096f406e076ed859943"
  integrity sha512-RgEbCx2HLa1chNgvChcx+rrCWD0ctBmGSE0M7lVm1yyv4UbvbrWoXp/BkVLZefzjrRBGW8/Js6uh/BnlHXFyjA==
  dependencies:
    xtend "^4.0.0"

refractor@^3.0.0:
  version "3.1.0"
  resolved "https://registry.yarnpkg.com/refractor/-/refractor-3.1.0.tgz#b05a43c8a1b4fccb30001ffcbd5cd781f7f06f78"
  integrity sha512-bN8GvY6hpeXfC4SzWmYNQGLLF2ZakRDNBkgCL0vvl5hnpMrnyURk8Mv61v6pzn4/RBHzSWLp44SzMmVHqMGNww==
  dependencies:
    hastscript "^5.0.0"
    parse-entities "^2.0.0"
    prismjs "~1.21.0"

select@^1.1.2:
  version "1.1.2"
  resolved "https://registry.yarnpkg.com/select/-/select-1.1.2.tgz#0e7350acdec80b1108528786ec1d4418d11b396d"
  integrity sha1-DnNQrN7ICxEIUoeG7B1EGNEbOW0=

space-separated-tokens@^1.0.0:
  version "1.1.5"
  resolved "https://registry.yarnpkg.com/space-separated-tokens/-/space-separated-tokens-1.1.5.tgz#85f32c3d10d9682007e917414ddc5c26d1aa6899"
  integrity sha512-q/JSVd1Lptzhf5bkYm4ob4iWPjx0KiRe3sRFBNrVqbJkFaBm5vbbowy1mymoPNLRa52+oadOhJ+K49wsSeSjTA==

tiny-emitter@^2.0.0:
  version "2.1.0"
  resolved "https://registry.yarnpkg.com/tiny-emitter/-/tiny-emitter-2.1.0.tgz#1d1a56edfc51c43e863cbb5382a72330e3555423"
  integrity sha512-NB6Dk1A9xgQPMoGqC5CVXn123gWyte215ONT5Pp5a0yt4nlEoO1ZWeCwpncaekPHXO60i47ihFnZPiRPjRMq4Q==

unist-util-is@^4.0.0:
  version "4.0.2"
  resolved "https://registry.yarnpkg.com/unist-util-is/-/unist-util-is-4.0.2.tgz#c7d1341188aa9ce5b3cff538958de9895f14a5de"
  integrity sha512-Ofx8uf6haexJwI1gxWMGg6I/dLnF2yE+KibhD3/diOqY2TinLcqHXCV6OI5gFVn3xQqDH+u0M625pfKwIwgBKQ==

unist-util-visit-parents@^3.0.0:
  version "3.1.0"
  resolved "https://registry.yarnpkg.com/unist-util-visit-parents/-/unist-util-visit-parents-3.1.0.tgz#4dd262fb9dcfe44f297d53e882fc6ff3421173d5"
  integrity sha512-0g4wbluTF93npyPrp/ymd3tCDTMnP0yo2akFD2FIBAYXq/Sga3lwaU1D8OYKbtpioaI6CkDcQ6fsMnmtzt7htw==
  dependencies:
    "@types/unist" "^2.0.0"
    unist-util-is "^4.0.0"

unist-util-visit@^2.0.2:
  version "2.0.3"
  resolved "https://registry.yarnpkg.com/unist-util-visit/-/unist-util-visit-2.0.3.tgz#c3703893146df47203bb8a9795af47d7b971208c"
  integrity sha512-iJ4/RczbJMkD0712mGktuGpm/U4By4FfDonL7N/9tATGIF4imikjOuagyMY53tnZq3NP6BcmlrHhEKAfGWjh7Q==
  dependencies:
    "@types/unist" "^2.0.0"
    unist-util-is "^4.0.0"
    unist-util-visit-parents "^3.0.0"

xtend@^4.0.0:
  version "4.0.2"
  resolved "https://registry.yarnpkg.com/xtend/-/xtend-4.0.2.tgz#bb72779f5fa465186b1f438f674fa347fdb5db54"
  integrity sha512-LKYU1iAXJXUgAXn9URjiu+MWhyUXHsvfp7mcuYm9dSUKK0/CjtrUwFAxD82/mCWbtLsGjFIad0wIsod4zrTAEQ==
